// !$*UTF8*$!
{
	archiveVersion = 1;
	classes = {
	};
	objectVersion = 56;
	objects = {

/* Begin PBXBuildFile section */
		CF5282522BAE2709008236C6 /* CoordinatorView.swift in Sources */ = {isa = PBXBuildFile; fileRef = CF5282512BAE2709008236C6 /* CoordinatorView.swift */; };
		CF5282592BAE336F008236C6 /* FullSearchView.swift in Sources */ = {isa = PBXBuildFile; fileRef = CF5282582BAE336F008236C6 /* FullSearchView.swift */; };
		CF52825C2BAE33AC008236C6 /* FullHeader.swift in Sources */ = {isa = PBXBuildFile; fileRef = CF52825B2BAE33AC008236C6 /* FullHeader.swift */; };
		CF52825E2BAE33BE008236C6 /* FullFooter.swift in Sources */ = {isa = PBXBuildFile; fileRef = CF52825D2BAE33BE008236C6 /* FullFooter.swift */; };
		CF5282652BB02FE8008236C6 /* DescriptionViewFooter.swift in Sources */ = {isa = PBXBuildFile; fileRef = CF5282642BB02FE8008236C6 /* DescriptionViewFooter.swift */; };
		CF5282672BB03034008236C6 /* DescriptionViewHeader.swift in Sources */ = {isa = PBXBuildFile; fileRef = CF5282662BB03034008236C6 /* DescriptionViewHeader.swift */; };
		CFC820782BA8572B00BFF296 /* Maket_hh_AppApp.swift in Sources */ = {isa = PBXBuildFile; fileRef = CFC820772BA8572B00BFF296 /* Maket_hh_AppApp.swift */; };
		CFC8207A2BA8572B00BFF296 /* ContentView.swift in Sources */ = {isa = PBXBuildFile; fileRef = CFC820792BA8572B00BFF296 /* ContentView.swift */; };
		CFC8207C2BA8572C00BFF296 /* Assets.xcassets in Resources */ = {isa = PBXBuildFile; fileRef = CFC8207B2BA8572C00BFF296 /* Assets.xcassets */; };
		CFC8207F2BA8572C00BFF296 /* Preview Assets.xcassets in Resources */ = {isa = PBXBuildFile; fileRef = CFC8207E2BA8572C00BFF296 /* Preview Assets.xcassets */; };
		CFC820892BA8572D00BFF296 /* Maket_hh_AppTests.swift in Sources */ = {isa = PBXBuildFile; fileRef = CFC820882BA8572D00BFF296 /* Maket_hh_AppTests.swift */; };
		CFC820932BA8572D00BFF296 /* Maket_hh_AppUITests.swift in Sources */ = {isa = PBXBuildFile; fileRef = CFC820922BA8572D00BFF296 /* Maket_hh_AppUITests.swift */; };
		CFC820952BA8572D00BFF296 /* Maket_hh_AppUITestsLaunchTests.swift in Sources */ = {isa = PBXBuildFile; fileRef = CFC820942BA8572D00BFF296 /* Maket_hh_AppUITestsLaunchTests.swift */; };
		CFC820A32BA89A4500BFF296 /* MainTabBar.swift in Sources */ = {isa = PBXBuildFile; fileRef = CFC820A22BA89A4500BFF296 /* MainTabBar.swift */; };
		CFC820A92BA89C4500BFF296 /* LoginView.swift in Sources */ = {isa = PBXBuildFile; fileRef = CFC820A82BA89C4500BFF296 /* LoginView.swift */; };
		CFC820AC2BA89CBB00BFF296 /* IndividualsView.swift in Sources */ = {isa = PBXBuildFile; fileRef = CFC820AB2BA89CBB00BFF296 /* IndividualsView.swift */; };
		CFC820AE2BA89CF100BFF296 /* LegalEntitiesView .swift in Sources */ = {isa = PBXBuildFile; fileRef = CFC820AD2BA89CF100BFF296 /* LegalEntitiesView .swift */; };
		CFC820B12BA89FAF00BFF296 /* HexColor.swift in Sources */ = {isa = PBXBuildFile; fileRef = CFC820B02BA89FAF00BFF296 /* HexColor.swift */; };
		CFC820B62BA99E2700BFF296 /* CodeView.swift in Sources */ = {isa = PBXBuildFile; fileRef = CFC820B52BA99E2700BFF296 /* CodeView.swift */; };
		CFC820B82BAAD41200BFF296 /* VerificationCodeTextFieldView.swift in Sources */ = {isa = PBXBuildFile; fileRef = CFC820B72BAAD41200BFF296 /* VerificationCodeTextFieldView.swift */; };
		CFC820BA2BAAF81400BFF296 /* OTPViewModel.swift in Sources */ = {isa = PBXBuildFile; fileRef = CFC820B92BAAF81400BFF296 /* OTPViewModel.swift */; };
		CFC820BD2BAB35D400BFF296 /* SearchViewHeader.swift in Sources */ = {isa = PBXBuildFile; fileRef = CFC820BC2BAB35D400BFF296 /* SearchViewHeader.swift */; };
		CFC820BF2BAB440E00BFF296 /* SearchViewMiddle.swift in Sources */ = {isa = PBXBuildFile; fileRef = CFC820BE2BAB440E00BFF296 /* SearchViewMiddle.swift */; };
		CFC820C22BAB462500BFF296 /* SearchView.swift in Sources */ = {isa = PBXBuildFile; fileRef = CFC820C12BAB462400BFF296 /* SearchView.swift */; };
		CFC820C42BAB465300BFF296 /* SearchViewFooter.swift in Sources */ = {isa = PBXBuildFile; fileRef = CFC820C32BAB465300BFF296 /* SearchViewFooter.swift */; };
		CFC820C62BAC338700BFF296 /* ExtensionView.swift in Sources */ = {isa = PBXBuildFile; fileRef = CFC820C52BAC338700BFF296 /* ExtensionView.swift */; };
		CFC820C92BAC613200BFF296 /* APIService.swift in Sources */ = {isa = PBXBuildFile; fileRef = CFC820C82BAC613200BFF296 /* APIService.swift */; };
		CFC820CB2BAC617900BFF296 /* Endpoint.swift in Sources */ = {isa = PBXBuildFile; fileRef = CFC820CA2BAC617900BFF296 /* Endpoint.swift */; };
		CFC820CD2BAC61AD00BFF296 /* NetworkAPI.swift in Sources */ = {isa = PBXBuildFile; fileRef = CFC820CC2BAC61AD00BFF296 /* NetworkAPI.swift */; };
		CFC820CF2BAC623900BFF296 /* NetworkManager.swift in Sources */ = {isa = PBXBuildFile; fileRef = CFC820CE2BAC623900BFF296 /* NetworkManager.swift */; };
		CFC820D12BAC633E00BFF296 /* NetworkModel.swift in Sources */ = {isa = PBXBuildFile; fileRef = CFC820D02BAC633E00BFF296 /* NetworkModel.swift */; };
		CFC820D52BAC655B00BFF296 /* SearhViewModel.swift in Sources */ = {isa = PBXBuildFile; fileRef = CFC820D42BAC655B00BFF296 /* SearhViewModel.swift */; };
		CFC820D72BAC6C0300BFF296 /* NetworkLogger.swift in Sources */ = {isa = PBXBuildFile; fileRef = CFC820D62BAC6C0300BFF296 /* NetworkLogger.swift */; };
		CFC820D92BAC71D700BFF296 /* String.swift in Sources */ = {isa = PBXBuildFile; fileRef = CFC820D82BAC71D700BFF296 /* String.swift */; };
		CFC820DC2BACAA9600BFF296 /* ContainerView.swift in Sources */ = {isa = PBXBuildFile; fileRef = CFC820DB2BACAA9600BFF296 /* ContainerView.swift */; };
/* End PBXBuildFile section */

/* Begin PBXContainerItemProxy section */
		CFC820852BA8572D00BFF296 /* PBXContainerItemProxy */ = {
			isa = PBXContainerItemProxy;
			containerPortal = CFC8206C2BA8572B00BFF296 /* Project object */;
			proxyType = 1;
			remoteGlobalIDString = CFC820732BA8572B00BFF296;
			remoteInfo = Maket_hh_App;
		};
		CFC8208F2BA8572D00BFF296 /* PBXContainerItemProxy */ = {
			isa = PBXContainerItemProxy;
			containerPortal = CFC8206C2BA8572B00BFF296 /* Project object */;
			proxyType = 1;
			remoteGlobalIDString = CFC820732BA8572B00BFF296;
			remoteInfo = Maket_hh_App;
		};
/* End PBXContainerItemProxy section */

/* Begin PBXFileReference section */
		CF5282512BAE2709008236C6 /* CoordinatorView.swift */ = {isa = PBXFileReference; lastKnownFileType = sourcecode.swift; path = CoordinatorView.swift; sourceTree = "<group>"; };
		CF5282582BAE336F008236C6 /* FullSearchView.swift */ = {isa = PBXFileReference; lastKnownFileType = sourcecode.swift; path = FullSearchView.swift; sourceTree = "<group>"; };
		CF52825B2BAE33AC008236C6 /* FullHeader.swift */ = {isa = PBXFileReference; lastKnownFileType = sourcecode.swift; path = FullHeader.swift; sourceTree = "<group>"; };
		CF52825D2BAE33BE008236C6 /* FullFooter.swift */ = {isa = PBXFileReference; lastKnownFileType = sourcecode.swift; path = FullFooter.swift; sourceTree = "<group>"; };
		CF5282642BB02FE8008236C6 /* DescriptionViewFooter.swift */ = {isa = PBXFileReference; lastKnownFileType = sourcecode.swift; path = DescriptionViewFooter.swift; sourceTree = "<group>"; };
		CF5282662BB03034008236C6 /* DescriptionViewHeader.swift */ = {isa = PBXFileReference; lastKnownFileType = sourcecode.swift; path = DescriptionViewHeader.swift; sourceTree = "<group>"; };
		CFC820742BA8572B00BFF296 /* Maket_hh_App.app */ = {isa = PBXFileReference; explicitFileType = wrapper.application; includeInIndex = 0; path = Maket_hh_App.app; sourceTree = BUILT_PRODUCTS_DIR; };
		CFC820772BA8572B00BFF296 /* Maket_hh_AppApp.swift */ = {isa = PBXFileReference; lastKnownFileType = sourcecode.swift; path = Maket_hh_AppApp.swift; sourceTree = "<group>"; };
		CFC820792BA8572B00BFF296 /* ContentView.swift */ = {isa = PBXFileReference; lastKnownFileType = sourcecode.swift; path = ContentView.swift; sourceTree = "<group>"; };
		CFC8207B2BA8572C00BFF296 /* Assets.xcassets */ = {isa = PBXFileReference; lastKnownFileType = folder.assetcatalog; path = Assets.xcassets; sourceTree = "<group>"; };
		CFC8207E2BA8572C00BFF296 /* Preview Assets.xcassets */ = {isa = PBXFileReference; lastKnownFileType = folder.assetcatalog; path = "Preview Assets.xcassets"; sourceTree = "<group>"; };
		CFC820842BA8572D00BFF296 /* Maket_hh_AppTests.xctest */ = {isa = PBXFileReference; explicitFileType = wrapper.cfbundle; includeInIndex = 0; path = Maket_hh_AppTests.xctest; sourceTree = BUILT_PRODUCTS_DIR; };
		CFC820882BA8572D00BFF296 /* Maket_hh_AppTests.swift */ = {isa = PBXFileReference; lastKnownFileType = sourcecode.swift; path = Maket_hh_AppTests.swift; sourceTree = "<group>"; };
		CFC8208E2BA8572D00BFF296 /* Maket_hh_AppUITests.xctest */ = {isa = PBXFileReference; explicitFileType = wrapper.cfbundle; includeInIndex = 0; path = Maket_hh_AppUITests.xctest; sourceTree = BUILT_PRODUCTS_DIR; };
		CFC820922BA8572D00BFF296 /* Maket_hh_AppUITests.swift */ = {isa = PBXFileReference; lastKnownFileType = sourcecode.swift; path = Maket_hh_AppUITests.swift; sourceTree = "<group>"; };
		CFC820942BA8572D00BFF296 /* Maket_hh_AppUITestsLaunchTests.swift */ = {isa = PBXFileReference; lastKnownFileType = sourcecode.swift; path = Maket_hh_AppUITestsLaunchTests.swift; sourceTree = "<group>"; };
		CFC820A22BA89A4500BFF296 /* MainTabBar.swift */ = {isa = PBXFileReference; lastKnownFileType = sourcecode.swift; path = MainTabBar.swift; sourceTree = "<group>"; };
		CFC820A82BA89C4500BFF296 /* LoginView.swift */ = {isa = PBXFileReference; lastKnownFileType = sourcecode.swift; path = LoginView.swift; sourceTree = "<group>"; };
		CFC820AB2BA89CBB00BFF296 /* IndividualsView.swift */ = {isa = PBXFileReference; lastKnownFileType = sourcecode.swift; path = IndividualsView.swift; sourceTree = "<group>"; };
		CFC820AD2BA89CF100BFF296 /* LegalEntitiesView .swift */ = {isa = PBXFileReference; lastKnownFileType = sourcecode.swift; path = "LegalEntitiesView .swift"; sourceTree = "<group>"; };
		CFC820B02BA89FAF00BFF296 /* HexColor.swift */ = {isa = PBXFileReference; lastKnownFileType = sourcecode.swift; path = HexColor.swift; sourceTree = "<group>"; };
		CFC820B52BA99E2700BFF296 /* CodeView.swift */ = {isa = PBXFileReference; lastKnownFileType = sourcecode.swift; path = CodeView.swift; sourceTree = "<group>"; };
		CFC820B72BAAD41200BFF296 /* VerificationCodeTextFieldView.swift */ = {isa = PBXFileReference; lastKnownFileType = sourcecode.swift; path = VerificationCodeTextFieldView.swift; sourceTree = "<group>"; };
		CFC820B92BAAF81400BFF296 /* OTPViewModel.swift */ = {isa = PBXFileReference; lastKnownFileType = sourcecode.swift; path = OTPViewModel.swift; sourceTree = "<group>"; };
		CFC820BC2BAB35D400BFF296 /* SearchViewHeader.swift */ = {isa = PBXFileReference; lastKnownFileType = sourcecode.swift; path = SearchViewHeader.swift; sourceTree = "<group>"; };
		CFC820BE2BAB440E00BFF296 /* SearchViewMiddle.swift */ = {isa = PBXFileReference; lastKnownFileType = sourcecode.swift; path = SearchViewMiddle.swift; sourceTree = "<group>"; };
		CFC820C12BAB462400BFF296 /* SearchView.swift */ = {isa = PBXFileReference; lastKnownFileType = sourcecode.swift; path = SearchView.swift; sourceTree = "<group>"; };
		CFC820C32BAB465300BFF296 /* SearchViewFooter.swift */ = {isa = PBXFileReference; lastKnownFileType = sourcecode.swift; path = SearchViewFooter.swift; sourceTree = "<group>"; };
		CFC820C52BAC338700BFF296 /* ExtensionView.swift */ = {isa = PBXFileReference; lastKnownFileType = sourcecode.swift; path = ExtensionView.swift; sourceTree = "<group>"; };
		CFC820C82BAC613200BFF296 /* APIService.swift */ = {isa = PBXFileReference; lastKnownFileType = sourcecode.swift; path = APIService.swift; sourceTree = "<group>"; };
		CFC820CA2BAC617900BFF296 /* Endpoint.swift */ = {isa = PBXFileReference; lastKnownFileType = sourcecode.swift; path = Endpoint.swift; sourceTree = "<group>"; };
		CFC820CC2BAC61AD00BFF296 /* NetworkAPI.swift */ = {isa = PBXFileReference; lastKnownFileType = sourcecode.swift; path = NetworkAPI.swift; sourceTree = "<group>"; };
		CFC820CE2BAC623900BFF296 /* NetworkManager.swift */ = {isa = PBXFileReference; lastKnownFileType = sourcecode.swift; path = NetworkManager.swift; sourceTree = "<group>"; };
		CFC820D02BAC633E00BFF296 /* NetworkModel.swift */ = {isa = PBXFileReference; lastKnownFileType = sourcecode.swift; path = NetworkModel.swift; sourceTree = "<group>"; };
		CFC820D42BAC655B00BFF296 /* SearhViewModel.swift */ = {isa = PBXFileReference; lastKnownFileType = sourcecode.swift; path = SearhViewModel.swift; sourceTree = "<group>"; };
		CFC820D62BAC6C0300BFF296 /* NetworkLogger.swift */ = {isa = PBXFileReference; lastKnownFileType = sourcecode.swift; path = NetworkLogger.swift; sourceTree = "<group>"; };
		CFC820D82BAC71D700BFF296 /* String.swift */ = {isa = PBXFileReference; lastKnownFileType = sourcecode.swift; path = String.swift; sourceTree = "<group>"; };
		CFC820DB2BACAA9600BFF296 /* ContainerView.swift */ = {isa = PBXFileReference; lastKnownFileType = sourcecode.swift; path = ContainerView.swift; sourceTree = "<group>"; };
/* End PBXFileReference section */

/* Begin PBXFrameworksBuildPhase section */
		CFC820712BA8572B00BFF296 /* Frameworks */ = {
			isa = PBXFrameworksBuildPhase;
			buildActionMask = 2147483647;
			files = (
			);
			runOnlyForDeploymentPostprocessing = 0;
		};
		CFC820812BA8572D00BFF296 /* Frameworks */ = {
			isa = PBXFrameworksBuildPhase;
			buildActionMask = 2147483647;
			files = (
			);
			runOnlyForDeploymentPostprocessing = 0;
		};
		CFC8208B2BA8572D00BFF296 /* Frameworks */ = {
			isa = PBXFrameworksBuildPhase;
			buildActionMask = 2147483647;
			files = (
			);
			runOnlyForDeploymentPostprocessing = 0;
		};
/* End PBXFrameworksBuildPhase section */

/* Begin PBXGroup section */
		CF5282532BAE3108008236C6 /* CodeView */ = {
			isa = PBXGroup;
			children = (
				CFC820B72BAAD41200BFF296 /* VerificationCodeTextFieldView.swift */,
				CFC820B52BA99E2700BFF296 /* CodeView.swift */,
			);
			path = CodeView;
			sourceTree = "<group>";
		};
		CF5282542BAE318D008236C6 /* CodeViewModel */ = {
			isa = PBXGroup;
			children = (
				CFC820B92BAAF81400BFF296 /* OTPViewModel.swift */,
			);
			path = CodeViewModel;
			sourceTree = "<group>";
		};
		CF5282562BAE31AC008236C6 /* Srvice */ = {
			isa = PBXGroup;
			children = (
				CFC820772BA8572B00BFF296 /* Maket_hh_AppApp.swift */,
				CFC820792BA8572B00BFF296 /* ContentView.swift */,
			);
			path = Srvice;
			sourceTree = "<group>";
		};
		CF5282572BAE335B008236C6 /* FullSearchView */ = {
			isa = PBXGroup;
			children = (
				CF52825A2BAE3393008236C6 /* FullSearchViewComponents */,
				CF5282582BAE336F008236C6 /* FullSearchView.swift */,
			);
			path = FullSearchView;
			sourceTree = "<group>";
		};
		CF52825A2BAE3393008236C6 /* FullSearchViewComponents */ = {
			isa = PBXGroup;
			children = (
				CF52825B2BAE33AC008236C6 /* FullHeader.swift */,
				CF52825D2BAE33BE008236C6 /* FullFooter.swift */,
			);
			path = FullSearchViewComponents;
			sourceTree = "<group>";
		};
		CF5282612BB02F54008236C6 /* DescriptionFlow */ = {
			isa = PBXGroup;
			children = (
				CF5282632BB02FAE008236C6 /* DescriptionViewModel */,
				CF5282622BB02F83008236C6 /* DescriptionView */,
			);
			path = DescriptionFlow;
			sourceTree = "<group>";
		};
		CF5282622BB02F83008236C6 /* DescriptionView */ = {
			isa = PBXGroup;
			children = (
				CF5282662BB03034008236C6 /* DescriptionViewHeader.swift */,
				CF5282642BB02FE8008236C6 /* DescriptionViewFooter.swift */,
			);
			path = DescriptionView;
			sourceTree = "<group>";
		};
		CF5282632BB02FAE008236C6 /* DescriptionViewModel */ = {
			isa = PBXGroup;
			children = (
			);
			path = DescriptionViewModel;
			sourceTree = "<group>";
		};
		CF5282682BB0306B008236C6 /* Flows */ = {
			isa = PBXGroup;
			children = (
				CFC820A12BA89A3600BFF296 /* MainTabBar */,
				CFC820A42BA89A6900BFF296 /* LoginFlow */,
				CFC820B42BA99E1900BFF296 /* CodeFlow */,
				CFC820BB2BAB35C500BFF296 /* SearchFlow */,
				CF5282612BB02F54008236C6 /* DescriptionFlow */,
			);
			path = Flows;
			sourceTree = "<group>";
		};
		CFC8206B2BA8572B00BFF296 = {
			isa = PBXGroup;
			children = (
				CFC820762BA8572B00BFF296 /* Maket_hh_App */,
				CFC820872BA8572D00BFF296 /* Maket_hh_AppTests */,
				CFC820912BA8572D00BFF296 /* Maket_hh_AppUITests */,
				CFC820752BA8572B00BFF296 /* Products */,
			);
			sourceTree = "<group>";
		};
		CFC820752BA8572B00BFF296 /* Products */ = {
			isa = PBXGroup;
			children = (
				CFC820742BA8572B00BFF296 /* Maket_hh_App.app */,
				CFC820842BA8572D00BFF296 /* Maket_hh_AppTests.xctest */,
				CFC8208E2BA8572D00BFF296 /* Maket_hh_AppUITests.xctest */,
			);
			name = Products;
			sourceTree = "<group>";
		};
		CFC820762BA8572B00BFF296 /* Maket_hh_App */ = {
			isa = PBXGroup;
			children = (
				CF5282682BB0306B008236C6 /* Flows */,
				CFC820DA2BACAA6D00BFF296 /* Coordinator */,
				CFC820C72BAC611600BFF296 /* NetworkService */,
				CFC820AF2BA89F9900BFF296 /* Extension */,
				CF5282562BAE31AC008236C6 /* Srvice */,
				CFC8207B2BA8572C00BFF296 /* Assets.xcassets */,
				CFC8207D2BA8572C00BFF296 /* Preview Content */,
			);
			path = Maket_hh_App;
			sourceTree = "<group>";
		};
		CFC8207D2BA8572C00BFF296 /* Preview Content */ = {
			isa = PBXGroup;
			children = (
				CFC8207E2BA8572C00BFF296 /* Preview Assets.xcassets */,
			);
			path = "Preview Content";
			sourceTree = "<group>";
		};
		CFC820872BA8572D00BFF296 /* Maket_hh_AppTests */ = {
			isa = PBXGroup;
			children = (
				CFC820882BA8572D00BFF296 /* Maket_hh_AppTests.swift */,
			);
			path = Maket_hh_AppTests;
			sourceTree = "<group>";
		};
		CFC820912BA8572D00BFF296 /* Maket_hh_AppUITests */ = {
			isa = PBXGroup;
			children = (
				CFC820922BA8572D00BFF296 /* Maket_hh_AppUITests.swift */,
				CFC820942BA8572D00BFF296 /* Maket_hh_AppUITestsLaunchTests.swift */,
			);
			path = Maket_hh_AppUITests;
			sourceTree = "<group>";
		};
		CFC820A12BA89A3600BFF296 /* MainTabBar */ = {
			isa = PBXGroup;
			children = (
				CFC820A22BA89A4500BFF296 /* MainTabBar.swift */,
			);
			path = MainTabBar;
			sourceTree = "<group>";
		};
		CFC820A42BA89A6900BFF296 /* LoginFlow */ = {
			isa = PBXGroup;
			children = (
				CFC820A72BA89A8D00BFF296 /* LoginView */,
				CFC820A62BA89A8200BFF296 /* LoginModel */,
				CFC820A52BA89A7200BFF296 /* LoginViewModel */,
			);
			path = LoginFlow;
			sourceTree = "<group>";
		};
		CFC820A52BA89A7200BFF296 /* LoginViewModel */ = {
			isa = PBXGroup;
			children = (
			);
			path = LoginViewModel;
			sourceTree = "<group>";
		};
		CFC820A62BA89A8200BFF296 /* LoginModel */ = {
			isa = PBXGroup;
			children = (
			);
			path = LoginModel;
			sourceTree = "<group>";
		};
		CFC820A72BA89A8D00BFF296 /* LoginView */ = {
			isa = PBXGroup;
			children = (
				CFC820AA2BA89C5300BFF296 /* LoginViewComponents */,
				CFC820A82BA89C4500BFF296 /* LoginView.swift */,
			);
			path = LoginView;
			sourceTree = "<group>";
		};
		CFC820AA2BA89C5300BFF296 /* LoginViewComponents */ = {
			isa = PBXGroup;
			children = (
				CFC820AB2BA89CBB00BFF296 /* IndividualsView.swift */,
				CFC820AD2BA89CF100BFF296 /* LegalEntitiesView .swift */,
			);
			path = LoginViewComponents;
			sourceTree = "<group>";
		};
		CFC820AF2BA89F9900BFF296 /* Extension */ = {
			isa = PBXGroup;
			children = (
				CFC820B02BA89FAF00BFF296 /* HexColor.swift */,
				CFC820C52BAC338700BFF296 /* ExtensionView.swift */,
				CFC820D82BAC71D700BFF296 /* String.swift */,
			);
			path = Extension;
			sourceTree = "<group>";
		};
		CFC820B42BA99E1900BFF296 /* CodeFlow */ = {
			isa = PBXGroup;
			children = (
				CF5282542BAE318D008236C6 /* CodeViewModel */,
				CF5282532BAE3108008236C6 /* CodeView */,
			);
			path = CodeFlow;
			sourceTree = "<group>";
		};
		CFC820BB2BAB35C500BFF296 /* SearchFlow */ = {
			isa = PBXGroup;
			children = (
				CFC820D32BAC654D00BFF296 /* SeachViewModel */,
				CFC820D22BAC653600BFF296 /* SearchView */,
			);
			path = SearchFlow;
			sourceTree = "<group>";
		};
		CFC820C02BAB461100BFF296 /* SearchComponents */ = {
			isa = PBXGroup;
			children = (
				CFC820BC2BAB35D400BFF296 /* SearchViewHeader.swift */,
				CFC820BE2BAB440E00BFF296 /* SearchViewMiddle.swift */,
				CFC820C32BAB465300BFF296 /* SearchViewFooter.swift */,
			);
			path = SearchComponents;
			sourceTree = "<group>";
		};
		CFC820C72BAC611600BFF296 /* NetworkService */ = {
			isa = PBXGroup;
			children = (
				CFC820C82BAC613200BFF296 /* APIService.swift */,
				CFC820CA2BAC617900BFF296 /* Endpoint.swift */,
				CFC820CC2BAC61AD00BFF296 /* NetworkAPI.swift */,
				CFC820CE2BAC623900BFF296 /* NetworkManager.swift */,
				CFC820D02BAC633E00BFF296 /* NetworkModel.swift */,
				CFC820D62BAC6C0300BFF296 /* NetworkLogger.swift */,
			);
			path = NetworkService;
			sourceTree = "<group>";
		};
		CFC820D22BAC653600BFF296 /* SearchView */ = {
			isa = PBXGroup;
			children = (
				CF5282572BAE335B008236C6 /* FullSearchView */,
				CFC820C02BAB461100BFF296 /* SearchComponents */,
				CFC820C12BAB462400BFF296 /* SearchView.swift */,
			);
			path = SearchView;
			sourceTree = "<group>";
		};
		CFC820D32BAC654D00BFF296 /* SeachViewModel */ = {
			isa = PBXGroup;
			children = (
				CFC820D42BAC655B00BFF296 /* SearhViewModel.swift */,
			);
			path = SeachViewModel;
			sourceTree = "<group>";
		};
		CFC820DA2BACAA6D00BFF296 /* Coordinator */ = {
			isa = PBXGroup;
			children = (
				CFC820DB2BACAA9600BFF296 /* ContainerView.swift */,
				CF5282512BAE2709008236C6 /* CoordinatorView.swift */,
			);
			path = Coordinator;
			sourceTree = "<group>";
		};
/* End PBXGroup section */

/* Begin PBXNativeTarget section */
		CFC820732BA8572B00BFF296 /* Maket_hh_App */ = {
			isa = PBXNativeTarget;
			buildConfigurationList = CFC820982BA8572D00BFF296 /* Build configuration list for PBXNativeTarget "Maket_hh_App" */;
			buildPhases = (
				CFC820702BA8572B00BFF296 /* Sources */,
				CFC820712BA8572B00BFF296 /* Frameworks */,
				CFC820722BA8572B00BFF296 /* Resources */,
			);
			buildRules = (
			);
			dependencies = (
			);
			name = Maket_hh_App;
			productName = Maket_hh_App;
			productReference = CFC820742BA8572B00BFF296 /* Maket_hh_App.app */;
			productType = "com.apple.product-type.application";
		};
		CFC820832BA8572D00BFF296 /* Maket_hh_AppTests */ = {
			isa = PBXNativeTarget;
			buildConfigurationList = CFC8209B2BA8572D00BFF296 /* Build configuration list for PBXNativeTarget "Maket_hh_AppTests" */;
			buildPhases = (
				CFC820802BA8572D00BFF296 /* Sources */,
				CFC820812BA8572D00BFF296 /* Frameworks */,
				CFC820822BA8572D00BFF296 /* Resources */,
			);
			buildRules = (
			);
			dependencies = (
				CFC820862BA8572D00BFF296 /* PBXTargetDependency */,
			);
			name = Maket_hh_AppTests;
			productName = Maket_hh_AppTests;
			productReference = CFC820842BA8572D00BFF296 /* Maket_hh_AppTests.xctest */;
			productType = "com.apple.product-type.bundle.unit-test";
		};
		CFC8208D2BA8572D00BFF296 /* Maket_hh_AppUITests */ = {
			isa = PBXNativeTarget;
			buildConfigurationList = CFC8209E2BA8572D00BFF296 /* Build configuration list for PBXNativeTarget "Maket_hh_AppUITests" */;
			buildPhases = (
				CFC8208A2BA8572D00BFF296 /* Sources */,
				CFC8208B2BA8572D00BFF296 /* Frameworks */,
				CFC8208C2BA8572D00BFF296 /* Resources */,
			);
			buildRules = (
			);
			dependencies = (
				CFC820902BA8572D00BFF296 /* PBXTargetDependency */,
			);
			name = Maket_hh_AppUITests;
			productName = Maket_hh_AppUITests;
			productReference = CFC8208E2BA8572D00BFF296 /* Maket_hh_AppUITests.xctest */;
			productType = "com.apple.product-type.bundle.ui-testing";
		};
/* End PBXNativeTarget section */

/* Begin PBXProject section */
		CFC8206C2BA8572B00BFF296 /* Project object */ = {
			isa = PBXProject;
			attributes = {
				BuildIndependentTargetsInParallel = 1;
				LastSwiftUpdateCheck = 1500;
				LastUpgradeCheck = 1500;
				TargetAttributes = {
					CFC820732BA8572B00BFF296 = {
						CreatedOnToolsVersion = 15.0.1;
					};
					CFC820832BA8572D00BFF296 = {
						CreatedOnToolsVersion = 15.0.1;
						TestTargetID = CFC820732BA8572B00BFF296;
					};
					CFC8208D2BA8572D00BFF296 = {
						CreatedOnToolsVersion = 15.0.1;
						TestTargetID = CFC820732BA8572B00BFF296;
					};
				};
			};
			buildConfigurationList = CFC8206F2BA8572B00BFF296 /* Build configuration list for PBXProject "Maket_hh_App" */;
			compatibilityVersion = "Xcode 14.0";
			developmentRegion = en;
			hasScannedForEncodings = 0;
			knownRegions = (
				en,
				Base,
			);
			mainGroup = CFC8206B2BA8572B00BFF296;
			productRefGroup = CFC820752BA8572B00BFF296 /* Products */;
			projectDirPath = "";
			projectRoot = "";
			targets = (
				CFC820732BA8572B00BFF296 /* Maket_hh_App */,
				CFC820832BA8572D00BFF296 /* Maket_hh_AppTests */,
				CFC8208D2BA8572D00BFF296 /* Maket_hh_AppUITests */,
			);
		};
/* End PBXProject section */

/* Begin PBXResourcesBuildPhase section */
		CFC820722BA8572B00BFF296 /* Resources */ = {
			isa = PBXResourcesBuildPhase;
			buildActionMask = 2147483647;
			files = (
				CFC8207F2BA8572C00BFF296 /* Preview Assets.xcassets in Resources */,
				CFC8207C2BA8572C00BFF296 /* Assets.xcassets in Resources */,
			);
			runOnlyForDeploymentPostprocessing = 0;
		};
		CFC820822BA8572D00BFF296 /* Resources */ = {
			isa = PBXResourcesBuildPhase;
			buildActionMask = 2147483647;
			files = (
			);
			runOnlyForDeploymentPostprocessing = 0;
		};
		CFC8208C2BA8572D00BFF296 /* Resources */ = {
			isa = PBXResourcesBuildPhase;
			buildActionMask = 2147483647;
			files = (
			);
			runOnlyForDeploymentPostprocessing = 0;
		};
/* End PBXResourcesBuildPhase section */

/* Begin PBXSourcesBuildPhase section */
		CFC820702BA8572B00BFF296 /* Sources */ = {
			isa = PBXSourcesBuildPhase;
			buildActionMask = 2147483647;
			files = (
				CFC820B62BA99E2700BFF296 /* CodeView.swift in Sources */,
				CFC820D12BAC633E00BFF296 /* NetworkModel.swift in Sources */,
				CFC820B12BA89FAF00BFF296 /* HexColor.swift in Sources */,
				CFC820C42BAB465300BFF296 /* SearchViewFooter.swift in Sources */,
				CFC820B82BAAD41200BFF296 /* VerificationCodeTextFieldView.swift in Sources */,
				CFC820AE2BA89CF100BFF296 /* LegalEntitiesView .swift in Sources */,
				CFC820D92BAC71D700BFF296 /* String.swift in Sources */,
				CFC820BD2BAB35D400BFF296 /* SearchViewHeader.swift in Sources */,
				CFC820BF2BAB440E00BFF296 /* SearchViewMiddle.swift in Sources */,
				CF52825E2BAE33BE008236C6 /* FullFooter.swift in Sources */,
				CF5282592BAE336F008236C6 /* FullSearchView.swift in Sources */,
				CFC820C62BAC338700BFF296 /* ExtensionView.swift in Sources */,
				CFC820BA2BAAF81400BFF296 /* OTPViewModel.swift in Sources */,
				CF5282522BAE2709008236C6 /* CoordinatorView.swift in Sources */,
				CFC820D52BAC655B00BFF296 /* SearhViewModel.swift in Sources */,
				CFC820CB2BAC617900BFF296 /* Endpoint.swift in Sources */,
				CFC820C92BAC613200BFF296 /* APIService.swift in Sources */,
				CFC820CF2BAC623900BFF296 /* NetworkManager.swift in Sources */,
				CFC820AC2BA89CBB00BFF296 /* IndividualsView.swift in Sources */,
				CFC820A32BA89A4500BFF296 /* MainTabBar.swift in Sources */,
				CFC820C22BAB462500BFF296 /* SearchView.swift in Sources */,
				CFC8207A2BA8572B00BFF296 /* ContentView.swift in Sources */,
				CF5282672BB03034008236C6 /* DescriptionViewHeader.swift in Sources */,
				CFC820A92BA89C4500BFF296 /* LoginView.swift in Sources */,
				CFC820DC2BACAA9600BFF296 /* ContainerView.swift in Sources */,
				CFC820D72BAC6C0300BFF296 /* NetworkLogger.swift in Sources */,
				CFC820782BA8572B00BFF296 /* Maket_hh_AppApp.swift in Sources */,
				CF5282652BB02FE8008236C6 /* DescriptionViewFooter.swift in Sources */,
				CF52825C2BAE33AC008236C6 /* FullHeader.swift in Sources */,
				CFC820CD2BAC61AD00BFF296 /* NetworkAPI.swift in Sources */,
			);
			runOnlyForDeploymentPostprocessing = 0;
		};
		CFC820802BA8572D00BFF296 /* Sources */ = {
			isa = PBXSourcesBuildPhase;
			buildActionMask = 2147483647;
			files = (
				CFC820892BA8572D00BFF296 /* Maket_hh_AppTests.swift in Sources */,
			);
			runOnlyForDeploymentPostprocessing = 0;
		};
		CFC8208A2BA8572D00BFF296 /* Sources */ = {
			isa = PBXSourcesBuildPhase;
			buildActionMask = 2147483647;
			files = (
				CFC820932BA8572D00BFF296 /* Maket_hh_AppUITests.swift in Sources */,
				CFC820952BA8572D00BFF296 /* Maket_hh_AppUITestsLaunchTests.swift in Sources */,
			);
			runOnlyForDeploymentPostprocessing = 0;
		};
/* End PBXSourcesBuildPhase section */

/* Begin PBXTargetDependency section */
		CFC820862BA8572D00BFF296 /* PBXTargetDependency */ = {
			isa = PBXTargetDependency;
			target = CFC820732BA8572B00BFF296 /* Maket_hh_App */;
			targetProxy = CFC820852BA8572D00BFF296 /* PBXContainerItemProxy */;
		};
		CFC820902BA8572D00BFF296 /* PBXTargetDependency */ = {
			isa = PBXTargetDependency;
			target = CFC820732BA8572B00BFF296 /* Maket_hh_App */;
			targetProxy = CFC8208F2BA8572D00BFF296 /* PBXContainerItemProxy */;
		};
/* End PBXTargetDependency section */

/* Begin XCBuildConfiguration section */
		CFC820962BA8572D00BFF296 /* Debug */ = {
			isa = XCBuildConfiguration;
			buildSettings = {
				ALWAYS_SEARCH_USER_PATHS = NO;
				ASSETCATALOG_COMPILER_GENERATE_SWIFT_ASSET_SYMBOL_EXTENSIONS = YES;
				CLANG_ANALYZER_NONNULL = YES;
				CLANG_ANALYZER_NUMBER_OBJECT_CONVERSION = YES_AGGRESSIVE;
				CLANG_CXX_LANGUAGE_STANDARD = "gnu++20";
				CLANG_ENABLE_MODULES = YES;
				CLANG_ENABLE_OBJC_ARC = YES;
				CLANG_ENABLE_OBJC_WEAK = YES;
				CLANG_WARN_BLOCK_CAPTURE_AUTORELEASING = YES;
				CLANG_WARN_BOOL_CONVERSION = YES;
				CLANG_WARN_COMMA = YES;
				CLANG_WARN_CONSTANT_CONVERSION = YES;
				CLANG_WARN_DEPRECATED_OBJC_IMPLEMENTATIONS = YES;
				CLANG_WARN_DIRECT_OBJC_ISA_USAGE = YES_ERROR;
				CLANG_WARN_DOCUMENTATION_COMMENTS = YES;
				CLANG_WARN_EMPTY_BODY = YES;
				CLANG_WARN_ENUM_CONVERSION = YES;
				CLANG_WARN_INFINITE_RECURSION = YES;
				CLANG_WARN_INT_CONVERSION = YES;
				CLANG_WARN_NON_LITERAL_NULL_CONVERSION = YES;
				CLANG_WARN_OBJC_IMPLICIT_RETAIN_SELF = YES;
				CLANG_WARN_OBJC_LITERAL_CONVERSION = YES;
				CLANG_WARN_OBJC_ROOT_CLASS = YES_ERROR;
				CLANG_WARN_QUOTED_INCLUDE_IN_FRAMEWORK_HEADER = YES;
				CLANG_WARN_RANGE_LOOP_ANALYSIS = YES;
				CLANG_WARN_STRICT_PROTOTYPES = YES;
				CLANG_WARN_SUSPICIOUS_MOVE = YES;
				CLANG_WARN_UNGUARDED_AVAILABILITY = YES_AGGRESSIVE;
				CLANG_WARN_UNREACHABLE_CODE = YES;
				CLANG_WARN__DUPLICATE_METHOD_MATCH = YES;
				COPY_PHASE_STRIP = NO;
				DEBUG_INFORMATION_FORMAT = dwarf;
				ENABLE_STRICT_OBJC_MSGSEND = YES;
				ENABLE_TESTABILITY = YES;
				ENABLE_USER_SCRIPT_SANDBOXING = YES;
				GCC_C_LANGUAGE_STANDARD = gnu17;
				GCC_DYNAMIC_NO_PIC = NO;
				GCC_NO_COMMON_BLOCKS = YES;
				GCC_OPTIMIZATION_LEVEL = 0;
				GCC_PREPROCESSOR_DEFINITIONS = (
					"DEBUG=1",
					"$(inherited)",
				);
				GCC_WARN_64_TO_32_BIT_CONVERSION = YES;
				GCC_WARN_ABOUT_RETURN_TYPE = YES_ERROR;
				GCC_WARN_UNDECLARED_SELECTOR = YES;
				GCC_WARN_UNINITIALIZED_AUTOS = YES_AGGRESSIVE;
				GCC_WARN_UNUSED_FUNCTION = YES;
				GCC_WARN_UNUSED_VARIABLE = YES;
				IPHONEOS_DEPLOYMENT_TARGET = 17.0;
				LOCALIZATION_PREFERS_STRING_CATALOGS = YES;
				MTL_ENABLE_DEBUG_INFO = INCLUDE_SOURCE;
				MTL_FAST_MATH = YES;
				ONLY_ACTIVE_ARCH = YES;
				SDKROOT = iphoneos;
				SWIFT_ACTIVE_COMPILATION_CONDITIONS = "DEBUG $(inherited)";
				SWIFT_OPTIMIZATION_LEVEL = "-Onone";
			};
			name = Debug;
		};
		CFC820972BA8572D00BFF296 /* Release */ = {
			isa = XCBuildConfiguration;
			buildSettings = {
				ALWAYS_SEARCH_USER_PATHS = NO;
				ASSETCATALOG_COMPILER_GENERATE_SWIFT_ASSET_SYMBOL_EXTENSIONS = YES;
				CLANG_ANALYZER_NONNULL = YES;
				CLANG_ANALYZER_NUMBER_OBJECT_CONVERSION = YES_AGGRESSIVE;
				CLANG_CXX_LANGUAGE_STANDARD = "gnu++20";
				CLANG_ENABLE_MODULES = YES;
				CLANG_ENABLE_OBJC_ARC = YES;
				CLANG_ENABLE_OBJC_WEAK = YES;
				CLANG_WARN_BLOCK_CAPTURE_AUTORELEASING = YES;
				CLANG_WARN_BOOL_CONVERSION = YES;
				CLANG_WARN_COMMA = YES;
				CLANG_WARN_CONSTANT_CONVERSION = YES;
				CLANG_WARN_DEPRECATED_OBJC_IMPLEMENTATIONS = YES;
				CLANG_WARN_DIRECT_OBJC_ISA_USAGE = YES_ERROR;
				CLANG_WARN_DOCUMENTATION_COMMENTS = YES;
				CLANG_WARN_EMPTY_BODY = YES;
				CLANG_WARN_ENUM_CONVERSION = YES;
				CLANG_WARN_INFINITE_RECURSION = YES;
				CLANG_WARN_INT_CONVERSION = YES;
				CLANG_WARN_NON_LITERAL_NULL_CONVERSION = YES;
				CLANG_WARN_OBJC_IMPLICIT_RETAIN_SELF = YES;
				CLANG_WARN_OBJC_LITERAL_CONVERSION = YES;
				CLANG_WARN_OBJC_ROOT_CLASS = YES_ERROR;
				CLANG_WARN_QUOTED_INCLUDE_IN_FRAMEWORK_HEADER = YES;
				CLANG_WARN_RANGE_LOOP_ANALYSIS = YES;
				CLANG_WARN_STRICT_PROTOTYPES = YES;
				CLANG_WARN_SUSPICIOUS_MOVE = YES;
				CLANG_WARN_UNGUARDED_AVAILABILITY = YES_AGGRESSIVE;
				CLANG_WARN_UNREACHABLE_CODE = YES;
				CLANG_WARN__DUPLICATE_METHOD_MATCH = YES;
				COPY_PHASE_STRIP = NO;
				DEBUG_INFORMATION_FORMAT = "dwarf-with-dsym";
				ENABLE_NS_ASSERTIONS = NO;
				ENABLE_STRICT_OBJC_MSGSEND = YES;
				ENABLE_USER_SCRIPT_SANDBOXING = YES;
				GCC_C_LANGUAGE_STANDARD = gnu17;
				GCC_NO_COMMON_BLOCKS = YES;
				GCC_WARN_64_TO_32_BIT_CONVERSION = YES;
				GCC_WARN_ABOUT_RETURN_TYPE = YES_ERROR;
				GCC_WARN_UNDECLARED_SELECTOR = YES;
				GCC_WARN_UNINITIALIZED_AUTOS = YES_AGGRESSIVE;
				GCC_WARN_UNUSED_FUNCTION = YES;
				GCC_WARN_UNUSED_VARIABLE = YES;
				IPHONEOS_DEPLOYMENT_TARGET = 17.0;
				LOCALIZATION_PREFERS_STRING_CATALOGS = YES;
				MTL_ENABLE_DEBUG_INFO = NO;
				MTL_FAST_MATH = YES;
				SDKROOT = iphoneos;
				SWIFT_COMPILATION_MODE = wholemodule;
				VALIDATE_PRODUCT = YES;
			};
			name = Release;
		};
		CFC820992BA8572D00BFF296 /* Debug */ = {
			isa = XCBuildConfiguration;
			buildSettings = {
				ASSETCATALOG_COMPILER_APPICON_NAME = AppIcon;
				ASSETCATALOG_COMPILER_GLOBAL_ACCENT_COLOR_NAME = AccentColor;
				CODE_SIGN_STYLE = Automatic;
				CURRENT_PROJECT_VERSION = 1;
				DEVELOPMENT_ASSET_PATHS = "\"Maket_hh_App/Preview Content\"";
				DEVELOPMENT_TEAM = 779ZY47A99;
				ENABLE_PREVIEWS = YES;
				GENERATE_INFOPLIST_FILE = YES;
				INFOPLIST_KEY_UIApplicationSceneManifest_Generation = YES;
				INFOPLIST_KEY_UIApplicationSupportsIndirectInputEvents = YES;
				INFOPLIST_KEY_UILaunchScreen_Generation = YES;
				INFOPLIST_KEY_UISupportedInterfaceOrientations_iPad = "UIInterfaceOrientationPortrait UIInterfaceOrientationPortraitUpsideDown UIInterfaceOrientationLandscapeLeft UIInterfaceOrientationLandscapeRight";
				INFOPLIST_KEY_UISupportedInterfaceOrientations_iPhone = "UIInterfaceOrientationPortrait UIInterfaceOrientationLandscapeLeft UIInterfaceOrientationLandscapeRight";
				LD_RUNPATH_SEARCH_PATHS = (
					"$(inherited)",
					"@executable_path/Frameworks",
				);
				MARKETING_VERSION = 1.0;
				PRODUCT_BUNDLE_IDENTIFIER = "Animate.Maket-hh-App";
				PRODUCT_NAME = "$(TARGET_NAME)";
				SWIFT_EMIT_LOC_STRINGS = YES;
				SWIFT_VERSION = 5.0;
				TARGETED_DEVICE_FAMILY = "1,2";
			};
			name = Debug;
		};
		CFC8209A2BA8572D00BFF296 /* Release */ = {
			isa = XCBuildConfiguration;
			buildSettings = {
				ASSETCATALOG_COMPILER_APPICON_NAME = AppIcon;
				ASSETCATALOG_COMPILER_GLOBAL_ACCENT_COLOR_NAME = AccentColor;
				CODE_SIGN_STYLE = Automatic;
				CURRENT_PROJECT_VERSION = 1;
				DEVELOPMENT_ASSET_PATHS = "\"Maket_hh_App/Preview Content\"";
				DEVELOPMENT_TEAM = 779ZY47A99;
				ENABLE_PREVIEWS = YES;
				GENERATE_INFOPLIST_FILE = YES;
				INFOPLIST_KEY_UIApplicationSceneManifest_Generation = YES;
				INFOPLIST_KEY_UIApplicationSupportsIndirectInputEvents = YES;
				INFOPLIST_KEY_UILaunchScreen_Generation = YES;
				INFOPLIST_KEY_UISupportedInterfaceOrientations_iPad = "UIInterfaceOrientationPortrait UIInterfaceOrientationPortraitUpsideDown UIInterfaceOrientationLandscapeLeft UIInterfaceOrientationLandscapeRight";
				INFOPLIST_KEY_UISupportedInterfaceOrientations_iPhone = "UIInterfaceOrientationPortrait UIInterfaceOrientationLandscapeLeft UIInterfaceOrientationLandscapeRight";
				LD_RUNPATH_SEARCH_PATHS = (
					"$(inherited)",
					"@executable_path/Frameworks",
				);
				MARKETING_VERSION = 1.0;
				PRODUCT_BUNDLE_IDENTIFIER = "Animate.Maket-hh-App";
				PRODUCT_NAME = "$(TARGET_NAME)";
				SWIFT_EMIT_LOC_STRINGS = YES;
				SWIFT_VERSION = 5.0;
				TARGETED_DEVICE_FAMILY = "1,2";
			};
			name = Release;
		};
		CFC8209C2BA8572D00BFF296 /* Debug */ = {
			isa = XCBuildConfiguration;
			buildSettings = {
				ALWAYS_EMBED_SWIFT_STANDARD_LIBRARIES = YES;
				BUNDLE_LOADER = "$(TEST_HOST)";
				CODE_SIGN_STYLE = Automatic;
				CURRENT_PROJECT_VERSION = 1;
				DEVELOPMENT_TEAM = 779ZY47A99;
				GENERATE_INFOPLIST_FILE = YES;
				IPHONEOS_DEPLOYMENT_TARGET = 17.0;
				MARKETING_VERSION = 1.0;
				PRODUCT_BUNDLE_IDENTIFIER = "Animate.Maket-hh-AppTests";
				PRODUCT_NAME = "$(TARGET_NAME)";
				SWIFT_EMIT_LOC_STRINGS = NO;
				SWIFT_VERSION = 5.0;
				TARGETED_DEVICE_FAMILY = "1,2";
				TEST_HOST = "$(BUILT_PRODUCTS_DIR)/Maket_hh_App.app/$(BUNDLE_EXECUTABLE_FOLDER_PATH)/Maket_hh_App";
			};
			name = Debug;
		};
		CFC8209D2BA8572D00BFF296 /* Release */ = {
			isa = XCBuildConfiguration;
			buildSettings = {
				ALWAYS_EMBED_SWIFT_STANDARD_LIBRARIES = YES;
				BUNDLE_LOADER = "$(TEST_HOST)";
				CODE_SIGN_STYLE = Automatic;
				CURRENT_PROJECT_VERSION = 1;
				DEVELOPMENT_TEAM = 779ZY47A99;
				GENERATE_INFOPLIST_FILE = YES;
				IPHONEOS_DEPLOYMENT_TARGET = 17.0;
				MARKETING_VERSION = 1.0;
				PRODUCT_BUNDLE_IDENTIFIER = "Animate.Maket-hh-AppTests";
				PRODUCT_NAME = "$(TARGET_NAME)";
				SWIFT_EMIT_LOC_STRINGS = NO;
				SWIFT_VERSION = 5.0;
				TARGETED_DEVICE_FAMILY = "1,2";
				TEST_HOST = "$(BUILT_PRODUCTS_DIR)/Maket_hh_App.app/$(BUNDLE_EXECUTABLE_FOLDER_PATH)/Maket_hh_App";
			};
			name = Release;
		};
		CFC8209F2BA8572D00BFF296 /* Debug */ = {
			isa = XCBuildConfiguration;
			buildSettings = {
				ALWAYS_EMBED_SWIFT_STANDARD_LIBRARIES = YES;
				CODE_SIGN_STYLE = Automatic;
				CURRENT_PROJECT_VERSION = 1;
				DEVELOPMENT_TEAM = 779ZY47A99;
				GENERATE_INFOPLIST_FILE = YES;
				MARKETING_VERSION = 1.0;
				PRODUCT_BUNDLE_IDENTIFIER = "Animate.Maket-hh-AppUITests";
				PRODUCT_NAME = "$(TARGET_NAME)";
				SWIFT_EMIT_LOC_STRINGS = NO;
				SWIFT_VERSION = 5.0;
				TARGETED_DEVICE_FAMILY = "1,2";
				TEST_TARGET_NAME = Maket_hh_App;
			};
			name = Debug;
		};
		CFC820A02BA8572D00BFF296 /* Release */ = {
			isa = XCBuildConfiguration;
			buildSettings = {
				ALWAYS_EMBED_SWIFT_STANDARD_LIBRARIES = YES;
				CODE_SIGN_STYLE = Automatic;
				CURRENT_PROJECT_VERSION = 1;
				DEVELOPMENT_TEAM = 779ZY47A99;
				GENERATE_INFOPLIST_FILE = YES;
				MARKETING_VERSION = 1.0;
				PRODUCT_BUNDLE_IDENTIFIER = "Animate.Maket-hh-AppUITests";
				PRODUCT_NAME = "$(TARGET_NAME)";
				SWIFT_EMIT_LOC_STRINGS = NO;
				SWIFT_VERSION = 5.0;
				TARGETED_DEVICE_FAMILY = "1,2";
				TEST_TARGET_NAME = Maket_hh_App;
			};
			name = Release;
		};
/* End XCBuildConfiguration section */

/* Begin XCConfigurationList section */
		CFC8206F2BA8572B00BFF296 /* Build configuration list for PBXProject "Maket_hh_App" */ = {
			isa = XCConfigurationList;
			buildConfigurations = (
				CFC820962BA8572D00BFF296 /* Debug */,
				CFC820972BA8572D00BFF296 /* Release */,
			);
			defaultConfigurationIsVisible = 0;
			defaultConfigurationName = Release;
		};
		CFC820982BA8572D00BFF296 /* Build configuration list for PBXNativeTarget "Maket_hh_App" */ = {
			isa = XCConfigurationList;
			buildConfigurations = (
				CFC820992BA8572D00BFF296 /* Debug */,
				CFC8209A2BA8572D00BFF296 /* Release */,
			);
			defaultConfigurationIsVisible = 0;
			defaultConfigurationName = Release;
		};
		CFC8209B2BA8572D00BFF296 /* Build configuration list for PBXNativeTarget "Maket_hh_AppTests" */ = {
			isa = XCConfigurationList;
			buildConfigurations = (
				CFC8209C2BA8572D00BFF296 /* Debug */,
				CFC8209D2BA8572D00BFF296 /* Release */,
			);
			defaultConfigurationIsVisible = 0;
			defaultConfigurationName = Release;
		};
		CFC8209E2BA8572D00BFF296 /* Build configuration list for PBXNativeTarget "Maket_hh_AppUITests" */ = {
			isa = XCConfigurationList;
			buildConfigurations = (
				CFC8209F2BA8572D00BFF296 /* Debug */,
				CFC820A02BA8572D00BFF296 /* Release */,
			);
			defaultConfigurationIsVisible = 0;
			defaultConfigurationName = Release;
		};
/* End XCConfigurationList section */
	};
	rootObject = CFC8206C2BA8572B00BFF296 /* Project object */;
}
